
Microsoft Visual Studio Solution File, Format Version 12.00
# Visual Studio Version 17
VisualStudioVersion = 17.9.34607.119
MinimumVisualStudioVersion = 10.0.40219.1
Project("{9A19103F-16F7-4668-BE54-9A1E7A4F7556}") = "HappyMama", "HappyMama\HappyMama.csproj", "{29D0306D-B653-4E20-8705-0E980FDBEA3A}"
EndProject
Project("{9A19103F-16F7-4668-BE54-9A1E7A4F7556}") = "HappyMama.BusinessLogic", "HappyMama.BusinessLogic\HappyMama.BusinessLogic.csproj", "{040966CE-1990-4F74-8DF7-F0283BA8CFAB}"
EndProject
Project("{9A19103F-16F7-4668-BE54-9A1E7A4F7556}") = "HappyMama.Infrastructure", "HappyMama.Infrastructure\HappyMama.Infrastructure.csproj", "{0C7A729F-ED70-41EA-8E16-47BA6ADE46D9}"
EndProject
Project("{FAE04EC0-301F-11D3-BF4B-00C04F79EFBC}") = "HappyMama.UnitTests", "HappyMama.UnitTests\HappyMama.UnitTests.csproj", "{BBEA74D8-7255-4E24-BDD3-61668A9DD0FD}"
EndProject
Global
	GlobalSection(SolutionConfigurationPlatforms) = preSolution
		Debug|Any CPU = Debug|Any CPU
		Release|Any CPU = Release|Any CPU
	EndGlobalSection
	GlobalSection(ProjectConfigurationPlatforms) = postSolution
		{29D0306D-B653-4E20-8705-0E980FDBEA3A}.Debug|Any CPU.ActiveCfg = Debug|Any CPU
		{29D0306D-B653-4E20-8705-0E980FDBEA3A}.Debug|Any CPU.Build.0 = Debug|Any CPU
		{29D0306D-B653-4E20-8705-0E980FDBEA3A}.Release|Any CPU.ActiveCfg = Release|Any CPU
		{29D0306D-B653-4E20-8705-0E980FDBEA3A}.Release|Any CPU.Build.0 = Release|Any CPU
		{040966CE-1990-4F74-8DF7-F0283BA8CFAB}.Debug|Any CPU.ActiveCfg = Debug|Any CPU
		{040966CE-1990-4F74-8DF7-F0283BA8CFAB}.Debug|Any CPU.Build.0 = Debug|Any CPU
		{040966CE-1990-4F74-8DF7-F0283BA8CFAB}.Release|Any CPU.ActiveCfg = Release|Any CPU
		{040966CE-1990-4F74-8DF7-F0283BA8CFAB}.Release|Any CPU.Build.0 = Release|Any CPU
		{0C7A729F-ED70-41EA-8E16-47BA6ADE46D9}.Debug|Any CPU.ActiveCfg = Debug|Any CPU
		{0C7A729F-ED70-41EA-8E16-47BA6ADE46D9}.Debug|Any CPU.Build.0 = Debug|Any CPU
		{0C7A729F-ED70-41EA-8E16-47BA6ADE46D9}.Release|Any CPU.ActiveCfg = Release|Any CPU
		{0C7A729F-ED70-41EA-8E16-47BA6ADE46D9}.Release|Any CPU.Build.0 = Release|Any CPU
		{BBEA74D8-7255-4E24-BDD3-61668A9DD0FD}.Debug|Any CPU.ActiveCfg = Debug|Any CPU
		{BBEA74D8-7255-4E24-BDD3-61668A9DD0FD}.Debug|Any CPU.Build.0 = Debug|Any CPU
		{BBEA74D8-7255-4E24-BDD3-61668A9DD0FD}.Release|Any CPU.ActiveCfg = Release|Any CPU
		{BBEA74D8-7255-4E24-BDD3-61668A9DD0FD}.Release|Any CPU.Build.0 = Release|Any CPU
	EndGlobalSection
	GlobalSection(SolutionProperties) = preSolution
		HideSolutionNode = FALSE
	EndGlobalSection
	GlobalSection(ExtensibilityGlobals) = postSolution
		SolutionGuid = {3D2911F4-5F84-47C2-A979-F10AB127EBEF}
	EndGlobalSection
EndGlobal
